
Microsoft Visual Studio Solution File, Format Version 12.00
# Visual Studio Version 16
VisualStudioVersion = 16.0.31313.79
MinimumVisualStudioVersion = 10.0.40219.1
Project("{9A19103F-16F7-4668-BE54-9A1E7A4F7556}") = "RT2.FizzBuzz", "RT2.FizzBuzz\RT2.FizzBuzz.csproj", "{0BD3B56F-1670-491B-90E5-A9A7B51E52C5}"
EndProject
Project("{9A19103F-16F7-4668-BE54-9A1E7A4F7556}") = "Rt2.FuzzBuzz.Test", "Rt2.FuzzBuzz.Test\Rt2.FuzzBuzz.Test.csproj", "{371EDA9D-DCDC-4D57-BCFB-E54C54F8D4DA}"
EndProject
Project("{9A19103F-16F7-4668-BE54-9A1E7A4F7556}") = "Rt2.Console", "RT2.Console\Rt2.Console.csproj", "{04861D77-627A-43CE-989A-71F2E723E599}"
EndProject
Global
	GlobalSection(SolutionConfigurationPlatforms) = preSolution
		Debug|Any CPU = Debug|Any CPU
		Release|Any CPU = Release|Any CPU
	EndGlobalSection
	GlobalSection(ProjectConfigurationPlatforms) = postSolution
		{0BD3B56F-1670-491B-90E5-A9A7B51E52C5}.Debug|Any CPU.ActiveCfg = Debug|Any CPU
		{0BD3B56F-1670-491B-90E5-A9A7B51E52C5}.Debug|Any CPU.Build.0 = Debug|Any CPU
		{0BD3B56F-1670-491B-90E5-A9A7B51E52C5}.Release|Any CPU.ActiveCfg = Release|Any CPU
		{0BD3B56F-1670-491B-90E5-A9A7B51E52C5}.Release|Any CPU.Build.0 = Release|Any CPU
		{371EDA9D-DCDC-4D57-BCFB-E54C54F8D4DA}.Debug|Any CPU.ActiveCfg = Debug|Any CPU
		{371EDA9D-DCDC-4D57-BCFB-E54C54F8D4DA}.Debug|Any CPU.Build.0 = Debug|Any CPU
		{371EDA9D-DCDC-4D57-BCFB-E54C54F8D4DA}.Release|Any CPU.ActiveCfg = Release|Any CPU
		{371EDA9D-DCDC-4D57-BCFB-E54C54F8D4DA}.Release|Any CPU.Build.0 = Release|Any CPU
		{04861D77-627A-43CE-989A-71F2E723E599}.Debug|Any CPU.ActiveCfg = Debug|Any CPU
		{04861D77-627A-43CE-989A-71F2E723E599}.Debug|Any CPU.Build.0 = Debug|Any CPU
		{04861D77-627A-43CE-989A-71F2E723E599}.Release|Any CPU.ActiveCfg = Release|Any CPU
		{04861D77-627A-43CE-989A-71F2E723E599}.Release|Any CPU.Build.0 = Release|Any CPU
	EndGlobalSection
	GlobalSection(SolutionProperties) = preSolution
		HideSolutionNode = FALSE
	EndGlobalSection
	GlobalSection(ExtensibilityGlobals) = postSolution
		SolutionGuid = {D713319A-C7D4-491F-BB11-4A8C623EBA9A}
	EndGlobalSection
EndGlobal
